// !$*UTF8*$!
{
	archiveVersion = 1;
	classes = {
	};
	objectVersion = 55;
	objects = {

/* Begin PBXBuildFile section */
		54701F1D285D2B3200E32B0C /* PersonViewController.swift in Sources */ = {isa = PBXBuildFile; fileRef = 54701F1C285D2B3200E32B0C /* PersonViewController.swift */; };
		548A7615285A5BBE00CB5E93 /* AppDelegate.swift in Sources */ = {isa = PBXBuildFile; fileRef = 548A7614285A5BBE00CB5E93 /* AppDelegate.swift */; };
		548A7617285A5BBE00CB5E93 /* SceneDelegate.swift in Sources */ = {isa = PBXBuildFile; fileRef = 548A7616285A5BBE00CB5E93 /* SceneDelegate.swift */; };
		548A761C285A5BBE00CB5E93 /* Main.storyboard in Resources */ = {isa = PBXBuildFile; fileRef = 548A761A285A5BBE00CB5E93 /* Main.storyboard */; };
		548A761E285A5BBF00CB5E93 /* Assets.xcassets in Resources */ = {isa = PBXBuildFile; fileRef = 548A761D285A5BBF00CB5E93 /* Assets.xcassets */; };
		548A7621285A5BBF00CB5E93 /* LaunchScreen.storyboard in Resources */ = {isa = PBXBuildFile; fileRef = 548A761F285A5BBF00CB5E93 /* LaunchScreen.storyboard */; };
		548A762E285A5C6B00CB5E93 /* ContactsListTableViewController.swift in Sources */ = {isa = PBXBuildFile; fileRef = 548A762D285A5C6B00CB5E93 /* ContactsListTableViewController.swift */; };
		548A7631285A627200CB5E93 /* Person.swift in Sources */ = {isa = PBXBuildFile; fileRef = 548A7630285A627200CB5E93 /* Person.swift */; };
		548A7633285A630400CB5E93 /* DataManager.swift in Sources */ = {isa = PBXBuildFile; fileRef = 548A7632285A630400CB5E93 /* DataManager.swift */; };
		54CF18F9285F8A8A005D4516 /* TabBarController.swift in Sources */ = {isa = PBXBuildFile; fileRef = 54CF18F8285F8A8A005D4516 /* TabBarController.swift */; };
		54FF6A0D285DFA090029622D /* FullInfoContactsTableViewController.swift in Sources */ = {isa = PBXBuildFile; fileRef = 54FF6A0C285DFA090029622D /* FullInfoContactsTableViewController.swift */; };
/* End PBXBuildFile section */

/* Begin PBXFileReference section */
		54701F1C285D2B3200E32B0C /* PersonViewController.swift */ = {isa = PBXFileReference; lastKnownFileType = sourcecode.swift; path = PersonViewController.swift; sourceTree = "<group>"; };
		548A7611285A5BBE00CB5E93 /* ContactList.app */ = {isa = PBXFileReference; explicitFileType = wrapper.application; includeInIndex = 0; path = ContactList.app; sourceTree = BUILT_PRODUCTS_DIR; };
		548A7614285A5BBE00CB5E93 /* AppDelegate.swift */ = {isa = PBXFileReference; lastKnownFileType = sourcecode.swift; path = AppDelegate.swift; sourceTree = "<group>"; };
		548A7616285A5BBE00CB5E93 /* SceneDelegate.swift */ = {isa = PBXFileReference; lastKnownFileType = sourcecode.swift; path = SceneDelegate.swift; sourceTree = "<group>"; };
		548A761B285A5BBE00CB5E93 /* Base */ = {isa = PBXFileReference; lastKnownFileType = file.storyboard; name = Base; path = Base.lproj/Main.storyboard; sourceTree = "<group>"; };
		548A761D285A5BBF00CB5E93 /* Assets.xcassets */ = {isa = PBXFileReference; lastKnownFileType = folder.assetcatalog; path = Assets.xcassets; sourceTree = "<group>"; };
		548A7620285A5BBF00CB5E93 /* Base */ = {isa = PBXFileReference; lastKnownFileType = file.storyboard; name = Base; path = Base.lproj/LaunchScreen.storyboard; sourceTree = "<group>"; };
		548A7622285A5BBF00CB5E93 /* Info.plist */ = {isa = PBXFileReference; lastKnownFileType = text.plist.xml; path = Info.plist; sourceTree = "<group>"; };
		548A762D285A5C6B00CB5E93 /* ContactsListTableViewController.swift */ = {isa = PBXFileReference; lastKnownFileType = sourcecode.swift; path = ContactsListTableViewController.swift; sourceTree = "<group>"; };
		548A7630285A627200CB5E93 /* Person.swift */ = {isa = PBXFileReference; lastKnownFileType = sourcecode.swift; path = Person.swift; sourceTree = "<group>"; };
		548A7632285A630400CB5E93 /* DataManager.swift */ = {isa = PBXFileReference; lastKnownFileType = sourcecode.swift; path = DataManager.swift; sourceTree = "<group>"; };
		54CF18F8285F8A8A005D4516 /* TabBarController.swift */ = {isa = PBXFileReference; lastKnownFileType = sourcecode.swift; path = TabBarController.swift; sourceTree = "<group>"; };
		54FF6A0C285DFA090029622D /* FullInfoContactsTableViewController.swift */ = {isa = PBXFileReference; lastKnownFileType = sourcecode.swift; path = FullInfoContactsTableViewController.swift; sourceTree = "<group>"; };
/* End PBXFileReference section */

/* Begin PBXFrameworksBuildPhase section */
		548A760E285A5BBE00CB5E93 /* Frameworks */ = {
			isa = PBXFrameworksBuildPhase;
			buildActionMask = 2147483647;
			files = (
			);
			runOnlyForDeploymentPostprocessing = 0;
		};
/* End PBXFrameworksBuildPhase section */

/* Begin PBXGroup section */
		54701F1B285CE68400E32B0C /* Services */ = {
			isa = PBXGroup;
			children = (
				548A7632285A630400CB5E93 /* DataManager.swift */,
			);
			path = Services;
			sourceTree = "<group>";
		};
		548A7608285A5BBE00CB5E93 = {
			isa = PBXGroup;
			children = (
				548A7613285A5BBE00CB5E93 /* ContactList */,
				548A7612285A5BBE00CB5E93 /* Products */,
			);
			sourceTree = "<group>";
		};
		548A7612285A5BBE00CB5E93 /* Products */ = {
			isa = PBXGroup;
			children = (
				548A7611285A5BBE00CB5E93 /* ContactList.app */,
			);
			name = Products;
			sourceTree = "<group>";
		};
		548A7613285A5BBE00CB5E93 /* ContactList */ = {
			isa = PBXGroup;
			children = (
				548A7629285A5C0B00CB5E93 /* View Controllers */,
				548A762F285A625A00CB5E93 /* Model */,
				548A7628285A5BDF00CB5E93 /* Stroryboards */,
				54701F1B285CE68400E32B0C /* Services */,
				548A762A285A5C1B00CB5E93 /* App */,
				548A762C285A5C4200CB5E93 /* Resources */,
			);
			path = ContactList;
			sourceTree = "<group>";
		};
		548A7628285A5BDF00CB5E93 /* Stroryboards */ = {
			isa = PBXGroup;
			children = (
				548A761A285A5BBE00CB5E93 /* Main.storyboard */,
				548A761F285A5BBF00CB5E93 /* LaunchScreen.storyboard */,
			);
			path = Stroryboards;
			sourceTree = "<group>";
		};
		548A7629285A5C0B00CB5E93 /* View Controllers */ = {
			isa = PBXGroup;
			children = (
				548A762D285A5C6B00CB5E93 /* ContactsListTableViewController.swift */,
				54FF6A0C285DFA090029622D /* FullInfoContactsTableViewController.swift */,
				54701F1C285D2B3200E32B0C /* PersonViewController.swift */,
				54CF18F8285F8A8A005D4516 /* TabBarController.swift */,
			);
			path = "View Controllers";
			sourceTree = "<group>";
		};
		548A762A285A5C1B00CB5E93 /* App */ = {
			isa = PBXGroup;
			children = (
				548A7614285A5BBE00CB5E93 /* AppDelegate.swift */,
				548A7616285A5BBE00CB5E93 /* SceneDelegate.swift */,
				548A7622285A5BBF00CB5E93 /* Info.plist */,
			);
			path = App;
			sourceTree = "<group>";
		};
		548A762C285A5C4200CB5E93 /* Resources */ = {
			isa = PBXGroup;
			children = (
				548A761D285A5BBF00CB5E93 /* Assets.xcassets */,
			);
			path = Resources;
			sourceTree = "<group>";
		};
		548A762F285A625A00CB5E93 /* Model */ = {
			isa = PBXGroup;
			children = (
				548A7630285A627200CB5E93 /* Person.swift */,
			);
			path = Model;
			sourceTree = "<group>";
		};
/* End PBXGroup section */

/* Begin PBXNativeTarget section */
		548A7610285A5BBE00CB5E93 /* ContactList */ = {
			isa = PBXNativeTarget;
			buildConfigurationList = 548A7625285A5BBF00CB5E93 /* Build configuration list for PBXNativeTarget "ContactList" */;
			buildPhases = (
				548A760D285A5BBE00CB5E93 /* Sources */,
				548A760E285A5BBE00CB5E93 /* Frameworks */,
				548A760F285A5BBE00CB5E93 /* Resources */,
			);
			buildRules = (
			);
			dependencies = (
			);
			name = ContactList;
			productName = ContactList;
			productReference = 548A7611285A5BBE00CB5E93 /* ContactList.app */;
			productType = "com.apple.product-type.application";
		};
/* End PBXNativeTarget section */

/* Begin PBXProject section */
		548A7609285A5BBE00CB5E93 /* Project object */ = {
			isa = PBXProject;
			attributes = {
				BuildIndependentTargetsInParallel = 1;
				LastSwiftUpdateCheck = 1340;
				LastUpgradeCheck = 1340;
				TargetAttributes = {
					548A7610285A5BBE00CB5E93 = {
						CreatedOnToolsVersion = 13.4.1;
					};
				};
			};
			buildConfigurationList = 548A760C285A5BBE00CB5E93 /* Build configuration list for PBXProject "ContactList" */;
			compatibilityVersion = "Xcode 13.0";
			developmentRegion = en;
			hasScannedForEncodings = 0;
			knownRegions = (
				en,
				Base,
			);
			mainGroup = 548A7608285A5BBE00CB5E93;
			productRefGroup = 548A7612285A5BBE00CB5E93 /* Products */;
			projectDirPath = "";
			projectRoot = "";
			targets = (
				548A7610285A5BBE00CB5E93 /* ContactList */,
			);
		};
/* End PBXProject section */

/* Begin PBXResourcesBuildPhase section */
		548A760F285A5BBE00CB5E93 /* Resources */ = {
			isa = PBXResourcesBuildPhase;
			buildActionMask = 2147483647;
			files = (
				548A7621285A5BBF00CB5E93 /* LaunchScreen.storyboard in Resources */,
				548A761E285A5BBF00CB5E93 /* Assets.xcassets in Resources */,
				548A761C285A5BBE00CB5E93 /* Main.storyboard in Resources */,
			);
			runOnlyForDeploymentPostprocessing = 0;
		};
/* End PBXResourcesBuildPhase section */

/* Begin PBXSourcesBuildPhase section */
		548A760D285A5BBE00CB5E93 /* Sources */ = {
			isa = PBXSourcesBuildPhase;
			buildActionMask = 2147483647;
			files = (
				548A762E285A5C6B00CB5E93 /* ContactsListTableViewController.swift in Sources */,
				54CF18F9285F8A8A005D4516 /* TabBarController.swift in Sources */,
				54701F1D285D2B3200E32B0C /* PersonViewController.swift in Sources */,
				548A7615285A5BBE00CB5E93 /* AppDelegate.swift in Sources */,
				548A7633285A630400CB5E93 /* DataManager.swift in Sources */,
				54FF6A0D285DFA090029622D /* FullInfoContactsTableViewController.swift in Sources */,
				548A7631285A627200CB5E93 /* Person.swift in Sources */,
				548A7617285A5BBE00CB5E93 /* SceneDelegate.swift in Sources */,
			);
			runOnlyForDeploymentPostprocessing = 0;
		};
/* End PBXSourcesBuildPhase section */

/* Begin PBXVariantGroup section */
		548A761A285A5BBE00CB5E93 /* Main.storyboard */ = {
			isa = PBXVariantGroup;
			children = (
				548A761B285A5BBE00CB5E93 /* Base */,
			);
			name = Main.storyboard;
			sourceTree = "<group>";
		};
		548A761F285A5BBF00CB5E93 /* LaunchScreen.storyboard */ = {
			isa = PBXVariantGroup;
			children = (
				548A7620285A5BBF00CB5E93 /* Base */,
			);
			name = LaunchScreen.storyboard;
			sourceTree = "<group>";
		};
/* End PBXVariantGroup section */

/* Begin XCBuildConfiguration section */
		548A7623285A5BBF00CB5E93 /* Debug */ = {
			isa = XCBuildConfiguration;
			buildSettings = {
				ALWAYS_SEARCH_USER_PATHS = NO;
				CLANG_ANALYZER_NONNULL = YES;
				CLANG_ANALYZER_NUMBER_OBJECT_CONVERSION = YES_AGGRESSIVE;
				CLANG_CXX_LANGUAGE_STANDARD = "gnu++17";
				CLANG_ENABLE_MODULES = YES;
				CLANG_ENABLE_OBJC_ARC = YES;
				CLANG_ENABLE_OBJC_WEAK = YES;
				CLANG_WARN_BLOCK_CAPTURE_AUTORELEASING = YES;
				CLANG_WARN_BOOL_CONVERSION = YES;
				CLANG_WARN_COMMA = YES;
				CLANG_WARN_CONSTANT_CONVERSION = YES;
				CLANG_WARN_DEPRECATED_OBJC_IMPLEMENTATIONS = YES;
				CLANG_WARN_DIRECT_OBJC_ISA_USAGE = YES_ERROR;
				CLANG_WARN_DOCUMENTATION_COMMENTS = YES;
				CLANG_WARN_EMPTY_BODY = YES;
				CLANG_WARN_ENUM_CONVERSION = YES;
				CLANG_WARN_INFINITE_RECURSION = YES;
				CLANG_WARN_INT_CONVERSION = YES;
				CLANG_WARN_NON_LITERAL_NULL_CONVERSION = YES;
				CLANG_WARN_OBJC_IMPLICIT_RETAIN_SELF = YES;
				CLANG_WARN_OBJC_LITERAL_CONVERSION = YES;
				CLANG_WARN_OBJC_ROOT_CLASS = YES_ERROR;
				CLANG_WARN_QUOTED_INCLUDE_IN_FRAMEWORK_HEADER = YES;
				CLANG_WARN_RANGE_LOOP_ANALYSIS = YES;
				CLANG_WARN_STRICT_PROTOTYPES = YES;
				CLANG_WARN_SUSPICIOUS_MOVE = YES;
				CLANG_WARN_UNGUARDED_AVAILABILITY = YES_AGGRESSIVE;
				CLANG_WARN_UNREACHABLE_CODE = YES;
				CLANG_WARN__DUPLICATE_METHOD_MATCH = YES;
				COPY_PHASE_STRIP = NO;
				DEBUG_INFORMATION_FORMAT = dwarf;
				ENABLE_STRICT_OBJC_MSGSEND = YES;
				ENABLE_TESTABILITY = YES;
				GCC_C_LANGUAGE_STANDARD = gnu11;
				GCC_DYNAMIC_NO_PIC = NO;
				GCC_NO_COMMON_BLOCKS = YES;
				GCC_OPTIMIZATION_LEVEL = 0;
				GCC_PREPROCESSOR_DEFINITIONS = (
					"DEBUG=1",
					"$(inherited)",
				);
				GCC_WARN_64_TO_32_BIT_CONVERSION = YES;
				GCC_WARN_ABOUT_RETURN_TYPE = YES_ERROR;
				GCC_WARN_UNDECLARED_SELECTOR = YES;
				GCC_WARN_UNINITIALIZED_AUTOS = YES_AGGRESSIVE;
				GCC_WARN_UNUSED_FUNCTION = YES;
				GCC_WARN_UNUSED_VARIABLE = YES;
				IPHONEOS_DEPLOYMENT_TARGET = 15.5;
				MTL_ENABLE_DEBUG_INFO = INCLUDE_SOURCE;
				MTL_FAST_MATH = YES;
				ONLY_ACTIVE_ARCH = YES;
				SDKROOT = iphoneos;
				SWIFT_ACTIVE_COMPILATION_CONDITIONS = DEBUG;
				SWIFT_OPTIMIZATION_LEVEL = "-Onone";
			};
			name = Debug;
		};
		548A7624285A5BBF00CB5E93 /* Release */ = {
			isa = XCBuildConfiguration;
			buildSettings = {
				ALWAYS_SEARCH_USER_PATHS = NO;
				CLANG_ANALYZER_NONNULL = YES;
				CLANG_ANALYZER_NUMBER_OBJECT_CONVERSION = YES_AGGRESSIVE;
				CLANG_CXX_LANGUAGE_STANDARD = "gnu++17";
				CLANG_ENABLE_MODULES = YES;
				CLANG_ENABLE_OBJC_ARC = YES;
				CLANG_ENABLE_OBJC_WEAK = YES;
				CLANG_WARN_BLOCK_CAPTURE_AUTORELEASING = YES;
				CLANG_WARN_BOOL_CONVERSION = YES;
				CLANG_WARN_COMMA = YES;
				CLANG_WARN_CONSTANT_CONVERSION = YES;
				CLANG_WARN_DEPRECATED_OBJC_IMPLEMENTATIONS = YES;
				CLANG_WARN_DIRECT_OBJC_ISA_USAGE = YES_ERROR;
				CLANG_WARN_DOCUMENTATION_COMMENTS = YES;
				CLANG_WARN_EMPTY_BODY = YES;
				CLANG_WARN_ENUM_CONVERSION = YES;
				CLANG_WARN_INFINITE_RECURSION = YES;
				CLANG_WARN_INT_CONVERSION = YES;
				CLANG_WARN_NON_LITERAL_NULL_CONVERSION = YES;
				CLANG_WARN_OBJC_IMPLICIT_RETAIN_SELF = YES;
				CLANG_WARN_OBJC_LITERAL_CONVERSION = YES;
				CLANG_WARN_OBJC_ROOT_CLASS = YES_ERROR;
				CLANG_WARN_QUOTED_INCLUDE_IN_FRAMEWORK_HEADER = YES;
				CLANG_WARN_RANGE_LOOP_ANALYSIS = YES;
				CLANG_WARN_STRICT_PROTOTYPES = YES;
				CLANG_WARN_SUSPICIOUS_MOVE = YES;
				CLANG_WARN_UNGUARDED_AVAILABILITY = YES_AGGRESSIVE;
				CLANG_WARN_UNREACHABLE_CODE = YES;
				CLANG_WARN__DUPLICATE_METHOD_MATCH = YES;
				COPY_PHASE_STRIP = NO;
				DEBUG_INFORMATION_FORMAT = "dwarf-with-dsym";
				ENABLE_NS_ASSERTIONS = NO;
				ENABLE_STRICT_OBJC_MSGSEND = YES;
				GCC_C_LANGUAGE_STANDARD = gnu11;
				GCC_NO_COMMON_BLOCKS = YES;
				GCC_WARN_64_TO_32_BIT_CONVERSION = YES;
				GCC_WARN_ABOUT_RETURN_TYPE = YES_ERROR;
				GCC_WARN_UNDECLARED_SELECTOR = YES;
				GCC_WARN_UNINITIALIZED_AUTOS = YES_AGGRESSIVE;
				GCC_WARN_UNUSED_FUNCTION = YES;
				GCC_WARN_UNUSED_VARIABLE = YES;
				IPHONEOS_DEPLOYMENT_TARGET = 15.5;
				MTL_ENABLE_DEBUG_INFO = NO;
				MTL_FAST_MATH = YES;
				SDKROOT = iphoneos;
				SWIFT_COMPILATION_MODE = wholemodule;
				SWIFT_OPTIMIZATION_LEVEL = "-O";
				VALIDATE_PRODUCT = YES;
			};
			name = Release;
		};
		548A7626285A5BBF00CB5E93 /* Debug */ = {
			isa = XCBuildConfiguration;
			buildSettings = {
				ASSETCATALOG_COMPILER_APPICON_NAME = AppIcon;
				ASSETCATALOG_COMPILER_GLOBAL_ACCENT_COLOR_NAME = AccentColor;
				CODE_SIGN_STYLE = Automatic;
				CURRENT_PROJECT_VERSION = 1;
				DEVELOPMENT_TEAM = 7JK7WBFZQ5;
				GENERATE_INFOPLIST_FILE = YES;
				INFOPLIST_FILE = ContactList/App/Info.plist;
				INFOPLIST_KEY_UIApplicationSupportsIndirectInputEvents = YES;
				INFOPLIST_KEY_UILaunchStoryboardName = LaunchScreen;
				INFOPLIST_KEY_UIMainStoryboardFile = Main;
				INFOPLIST_KEY_UISupportedInterfaceOrientations_iPad = "UIInterfaceOrientationPortrait UIInterfaceOrientationPortraitUpsideDown UIInterfaceOrientationLandscapeLeft UIInterfaceOrientationLandscapeRight";
				INFOPLIST_KEY_UISupportedInterfaceOrientations_iPhone = "UIInterfaceOrientationPortrait UIInterfaceOrientationLandscapeLeft UIInterfaceOrientationLandscapeRight";
				LD_RUNPATH_SEARCH_PATHS = (
					"$(inherited)",
					"@executable_path/Frameworks",
				);
				MARKETING_VERSION = 1.0;
				PRODUCT_BUNDLE_IDENTIFIER = S.D.ContactList;
				PRODUCT_NAME = "$(TARGET_NAME)";
				SWIFT_EMIT_LOC_STRINGS = YES;
				SWIFT_VERSION = 5.0;
				TARGETED_DEVICE_FAMILY = "1,2";
			};
			name = Debug;
		};
		548A7627285A5BBF00CB5E93 /* Release */ = {
			isa = XCBuildConfiguration;
			buildSettings = {
				ASSETCATALOG_COMPILER_APPICON_NAME = AppIcon;
				ASSETCATALOG_COMPILER_GLOBAL_ACCENT_COLOR_NAME = AccentColor;
				CODE_SIGN_STYLE = Automatic;
				CURRENT_PROJECT_VERSION = 1;
				DEVELOPMENT_TEAM = 7JK7WBFZQ5;
				GENERATE_INFOPLIST_FILE = YES;
				INFOPLIST_FILE = ContactList/App/Info.plist;
				INFOPLIST_KEY_UIApplicationSupportsIndirectInputEvents = YES;
				INFOPLIST_KEY_UILaunchStoryboardName = LaunchScreen;
				INFOPLIST_KEY_UIMainStoryboardFile = Main;
				INFOPLIST_KEY_UISupportedInterfaceOrientations_iPad = "UIInterfaceOrientationPortrait UIInterfaceOrientationPortraitUpsideDown UIInterfaceOrientationLandscapeLeft UIInterfaceOrientationLandscapeRight";
				INFOPLIST_KEY_UISupportedInterfaceOrientations_iPhone = "UIInterfaceOrientationPortrait UIInterfaceOrientationLandscapeLeft UIInterfaceOrientationLandscapeRight";
				LD_RUNPATH_SEARCH_PATHS = (
					"$(inherited)",
					"@executable_path/Frameworks",
				);
				MARKETING_VERSION = 1.0;
				PRODUCT_BUNDLE_IDENTIFIER = S.D.ContactList;
				PRODUCT_NAME = "$(TARGET_NAME)";
				SWIFT_EMIT_LOC_STRINGS = YES;
				SWIFT_VERSION = 5.0;
				TARGETED_DEVICE_FAMILY = "1,2";
			};
			name = Release;
		};
/* End XCBuildConfiguration section */

/* Begin XCConfigurationList section */
		548A760C285A5BBE00CB5E93 /* Build configuration list for PBXProject "ContactList" */ = {
			isa = XCConfigurationList;
			buildConfigurations = (
				548A7623285A5BBF00CB5E93 /* Debug */,
				548A7624285A5BBF00CB5E93 /* Release */,
			);
			defaultConfigurationIsVisible = 0;
			defaultConfigurationName = Release;
		};
		548A7625285A5BBF00CB5E93 /* Build configuration list for PBXNativeTarget "ContactList" */ = {
			isa = XCConfigurationList;
			buildConfigurations = (
				548A7626285A5BBF00CB5E93 /* Debug */,
				548A7627285A5BBF00CB5E93 /* Release */,
			);
			defaultConfigurationIsVisible = 0;
			defaultConfigurationName = Release;
		};
/* End XCConfigurationList section */
	};
	rootObject = 548A7609285A5BBE00CB5E93 /* Project object */;
}
